
Microsoft Visual Studio Solution File, Format Version 12.00
# Visual Studio Version 16
VisualStudioVersion = 16.0.29411.108
MinimumVisualStudioVersion = 10.0.40219.1
Project("{FAE04EC0-301F-11D3-BF4B-00C04F79EFBC}") = "Uppgift 3", "Uppgift 3\Uppgift 3.csproj", "{72FB3417-1C33-4689-9677-4876B44D5BA3}"
EndProject
Global
	GlobalSection(SolutionConfigurationPlatforms) = preSolution
		Debug|Any CPU = Debug|Any CPU
		Release|Any CPU = Release|Any CPU
	EndGlobalSection
	GlobalSection(ProjectConfigurationPlatforms) = postSolution
		{72FB3417-1C33-4689-9677-4876B44D5BA3}.Debug|Any CPU.ActiveCfg = Debug|Any CPU
		{72FB3417-1C33-4689-9677-4876B44D5BA3}.Debug|Any CPU.Build.0 = Debug|Any CPU
		{72FB3417-1C33-4689-9677-4876B44D5BA3}.Release|Any CPU.ActiveCfg = Release|Any CPU
		{72FB3417-1C33-4689-9677-4876B44D5BA3}.Release|Any CPU.Build.0 = Release|Any CPU
	EndGlobalSection
	GlobalSection(SolutionProperties) = preSolution
		HideSolutionNode = FALSE
	EndGlobalSection
	GlobalSection(ExtensibilityGlobals) = postSolution
		SolutionGuid = {6D1DCB06-3420-403A-B235-0A3D05B9DEE1}
	EndGlobalSection
EndGlobal
